
Microsoft Visual Studio Solution File, Format Version 12.00
# Visual Studio Version 17
VisualStudioVersion = 17.7.34024.191
MinimumVisualStudioVersion = 10.0.40219.1
Project("{FAE04EC0-301F-11D3-BF4B-00C04F79EFBC}") = "Massiv3.v", "Massiv3.v\Massiv3.v.csproj", "{015E5A6F-8B45-4AFB-86F1-11AA6AB76E2F}"
EndProject
Global
	GlobalSection(SolutionConfigurationPlatforms) = preSolution
		Debug|Any CPU = Debug|Any CPU
		Release|Any CPU = Release|Any CPU
	EndGlobalSection
	GlobalSection(ProjectConfigurationPlatforms) = postSolution
		{015E5A6F-8B45-4AFB-86F1-11AA6AB76E2F}.Debug|Any CPU.ActiveCfg = Debug|Any CPU
		{015E5A6F-8B45-4AFB-86F1-11AA6AB76E2F}.Debug|Any CPU.Build.0 = Debug|Any CPU
		{015E5A6F-8B45-4AFB-86F1-11AA6AB76E2F}.Release|Any CPU.ActiveCfg = Release|Any CPU
		{015E5A6F-8B45-4AFB-86F1-11AA6AB76E2F}.Release|Any CPU.Build.0 = Release|Any CPU
	EndGlobalSection
	GlobalSection(SolutionProperties) = preSolution
		HideSolutionNode = FALSE
	EndGlobalSection
	GlobalSection(ExtensibilityGlobals) = postSolution
		SolutionGuid = {76E10987-4EAD-4CE7-B359-5C611B3603C4}
	EndGlobalSection
EndGlobal
