
Microsoft Visual Studio Solution File, Format Version 12.00
# Visual Studio Version 17
VisualStudioVersion = 17.7.34024.191
MinimumVisualStudioVersion = 10.0.40219.1
Project("{FAE04EC0-301F-11D3-BF4B-00C04F79EFBC}") = "Massiv5", "Massiv5\Massiv5.csproj", "{A5410D51-17BE-4E80-B368-427E9C9112E8}"
EndProject
Global
	GlobalSection(SolutionConfigurationPlatforms) = preSolution
		Debug|Any CPU = Debug|Any CPU
		Release|Any CPU = Release|Any CPU
	EndGlobalSection
	GlobalSection(ProjectConfigurationPlatforms) = postSolution
		{A5410D51-17BE-4E80-B368-427E9C9112E8}.Debug|Any CPU.ActiveCfg = Debug|Any CPU
		{A5410D51-17BE-4E80-B368-427E9C9112E8}.Debug|Any CPU.Build.0 = Debug|Any CPU
		{A5410D51-17BE-4E80-B368-427E9C9112E8}.Release|Any CPU.ActiveCfg = Release|Any CPU
		{A5410D51-17BE-4E80-B368-427E9C9112E8}.Release|Any CPU.Build.0 = Release|Any CPU
	EndGlobalSection
	GlobalSection(SolutionProperties) = preSolution
		HideSolutionNode = FALSE
	EndGlobalSection
	GlobalSection(ExtensibilityGlobals) = postSolution
		SolutionGuid = {0BDA1BD6-A652-4432-B02B-A886CDDD224D}
	EndGlobalSection
EndGlobal
